
Microsoft Visual Studio Solution File, Format Version 12.00
# Visual Studio Version 17
VisualStudioVersion = 17.9.34616.47
MinimumVisualStudioVersion = 10.0.40219.1
Project("{FAE04EC0-301F-11D3-BF4B-00C04F79EFBC}") = "ToyRobSimulator", "ToyRobSimulator\ToyRobSimulator.csproj", "{AA9B5283-7733-480E-8B06-2E449D4D7CE7}"
EndProject
Project("{FAE04EC0-301F-11D3-BF4B-00C04F79EFBC}") = "ToyRobSimulator.Tests", "ToyRobSimulator.Tests\ToyRobSimulator.Tests.csproj", "{EA95CF0B-762A-4FCA-B59F-A77415375682}"
EndProject
Global
	GlobalSection(SolutionConfigurationPlatforms) = preSolution
		Debug|Any CPU = Debug|Any CPU
		Release|Any CPU = Release|Any CPU
	EndGlobalSection
	GlobalSection(ProjectConfigurationPlatforms) = postSolution
		{AA9B5283-7733-480E-8B06-2E449D4D7CE7}.Debug|Any CPU.ActiveCfg = Debug|Any CPU
		{AA9B5283-7733-480E-8B06-2E449D4D7CE7}.Debug|Any CPU.Build.0 = Debug|Any CPU
		{AA9B5283-7733-480E-8B06-2E449D4D7CE7}.Release|Any CPU.ActiveCfg = Release|Any CPU
		{AA9B5283-7733-480E-8B06-2E449D4D7CE7}.Release|Any CPU.Build.0 = Release|Any CPU
		{EA95CF0B-762A-4FCA-B59F-A77415375682}.Debug|Any CPU.ActiveCfg = Debug|Any CPU
		{EA95CF0B-762A-4FCA-B59F-A77415375682}.Debug|Any CPU.Build.0 = Debug|Any CPU
		{EA95CF0B-762A-4FCA-B59F-A77415375682}.Release|Any CPU.ActiveCfg = Release|Any CPU
		{EA95CF0B-762A-4FCA-B59F-A77415375682}.Release|Any CPU.Build.0 = Release|Any CPU
	EndGlobalSection
	GlobalSection(SolutionProperties) = preSolution
		HideSolutionNode = FALSE
	EndGlobalSection
	GlobalSection(ExtensibilityGlobals) = postSolution
		SolutionGuid = {3B7AE60C-6A04-482F-A78C-520B30DE25E4}
	EndGlobalSection
EndGlobal
